
Microsoft Visual Studio Solution File, Format Version 12.00
# Visual Studio 15
VisualStudioVersion = 15.0.28307.168
MinimumVisualStudioVersion = 10.0.40219.1
Project("{FAE04EC0-301F-11D3-BF4B-00C04F79EFBC}") = "sandbox", "sandbox\sandbox.csproj", "{C52681B5-C9A9-45AF-A3CC-4D94885DBCDB}"
EndProject
Global
	GlobalSection(SolutionConfigurationPlatforms) = preSolution
		Debug|Any CPU = Debug|Any CPU
		Release|Any CPU = Release|Any CPU
	EndGlobalSection
	GlobalSection(ProjectConfigurationPlatforms) = postSolution
		{C52681B5-C9A9-45AF-A3CC-4D94885DBCDB}.Debug|Any CPU.ActiveCfg = Debug|Any CPU
		{C52681B5-C9A9-45AF-A3CC-4D94885DBCDB}.Debug|Any CPU.Build.0 = Debug|Any CPU
		{C52681B5-C9A9-45AF-A3CC-4D94885DBCDB}.Release|Any CPU.ActiveCfg = Release|Any CPU
		{C52681B5-C9A9-45AF-A3CC-4D94885DBCDB}.Release|Any CPU.Build.0 = Release|Any CPU
	EndGlobalSection
	GlobalSection(SolutionProperties) = preSolution
		HideSolutionNode = FALSE
	EndGlobalSection
	GlobalSection(ExtensibilityGlobals) = postSolution
		SolutionGuid = {7F8FB3FA-066E-438D-B30B-769EA093A3A1}
	EndGlobalSection
EndGlobal
